// !$*UTF8*$!
{
	archiveVersion = 1;
	classes = {
	};
	objectVersion = 50;
	objects = {

/* Begin PBXAggregateTarget section */
		7257BD242455160500115AE9 /* MyFrameworkAgregate */ = {
			isa = PBXAggregateTarget;
			buildConfigurationList = 7257BD252455160500115AE9 /* Build configuration list for PBXAggregateTarget "MyFrameworkAgregate" */;
			buildPhases = (
				7257BD282455160E00115AE9 /* ShellScript */,
			);
			dependencies = (
			);
			name = MyFrameworkAgregate;
			productName = MyFrameworkAgregate;
		};
/* End PBXAggregateTarget section */

/* Begin PBXBuildFile section */
		72F2602B2454F732001D19F3 /* MyFramework.framework in Frameworks */ = {isa = PBXBuildFile; fileRef = 72F260212454F731001D19F3 /* MyFramework.framework */; };
		72F260302454F732001D19F3 /* MyFrameworkTests.swift in Sources */ = {isa = PBXBuildFile; fileRef = 72F2602F2454F732001D19F3 /* MyFrameworkTests.swift */; };
		72F260322454F732001D19F3 /* MyFramework.h in Headers */ = {isa = PBXBuildFile; fileRef = 72F260242454F731001D19F3 /* MyFramework.h */; settings = {ATTRIBUTES = (Public, ); }; };
		72F2603D2454F753001D19F3 /* MyFrameworkClass.swift in Sources */ = {isa = PBXBuildFile; fileRef = 72F2603C2454F753001D19F3 /* MyFrameworkClass.swift */; };
/* End PBXBuildFile section */

/* Begin PBXContainerItemProxy section */
		72F2602C2454F732001D19F3 /* PBXContainerItemProxy */ = {
			isa = PBXContainerItemProxy;
			containerPortal = 72F260182454F731001D19F3 /* Project object */;
			proxyType = 1;
			remoteGlobalIDString = 72F260202454F731001D19F3;
			remoteInfo = MyFramework;
		};
/* End PBXContainerItemProxy section */

/* Begin PBXFileReference section */
		72F260212454F731001D19F3 /* MyFramework.framework */ = {isa = PBXFileReference; explicitFileType = wrapper.framework; includeInIndex = 0; path = MyFramework.framework; sourceTree = BUILT_PRODUCTS_DIR; };
		72F260242454F731001D19F3 /* MyFramework.h */ = {isa = PBXFileReference; lastKnownFileType = sourcecode.c.h; path = MyFramework.h; sourceTree = "<group>"; };
		72F260252454F731001D19F3 /* Info.plist */ = {isa = PBXFileReference; lastKnownFileType = text.plist.xml; path = Info.plist; sourceTree = "<group>"; };
		72F2602A2454F732001D19F3 /* MyFrameworkTests.xctest */ = {isa = PBXFileReference; explicitFileType = wrapper.cfbundle; includeInIndex = 0; path = MyFrameworkTests.xctest; sourceTree = BUILT_PRODUCTS_DIR; };
		72F2602F2454F732001D19F3 /* MyFrameworkTests.swift */ = {isa = PBXFileReference; lastKnownFileType = sourcecode.swift; path = MyFrameworkTests.swift; sourceTree = "<group>"; };
		72F260312454F732001D19F3 /* Info.plist */ = {isa = PBXFileReference; lastKnownFileType = text.plist.xml; path = Info.plist; sourceTree = "<group>"; };
		72F2603C2454F753001D19F3 /* MyFrameworkClass.swift */ = {isa = PBXFileReference; lastKnownFileType = sourcecode.swift; path = MyFrameworkClass.swift; sourceTree = "<group>"; };
/* End PBXFileReference section */

/* Begin PBXFrameworksBuildPhase section */
		72F2601E2454F731001D19F3 /* Frameworks */ = {
			isa = PBXFrameworksBuildPhase;
			buildActionMask = 2147483647;
			files = (
			);
			runOnlyForDeploymentPostprocessing = 0;
		};
		72F260272454F732001D19F3 /* Frameworks */ = {
			isa = PBXFrameworksBuildPhase;
			buildActionMask = 2147483647;
			files = (
				72F2602B2454F732001D19F3 /* MyFramework.framework in Frameworks */,
			);
			runOnlyForDeploymentPostprocessing = 0;
		};
/* End PBXFrameworksBuildPhase section */

/* Begin PBXGroup section */
		72F260172454F731001D19F3 = {
			isa = PBXGroup;
			children = (
				72F260232454F731001D19F3 /* MyFramework */,
				72F2602E2454F732001D19F3 /* MyFrameworkTests */,
				72F260222454F731001D19F3 /* Products */,
			);
			sourceTree = "<group>";
		};
		72F260222454F731001D19F3 /* Products */ = {
			isa = PBXGroup;
			children = (
				72F260212454F731001D19F3 /* MyFramework.framework */,
				72F2602A2454F732001D19F3 /* MyFrameworkTests.xctest */,
			);
			name = Products;
			sourceTree = "<group>";
		};
		72F260232454F731001D19F3 /* MyFramework */ = {
			isa = PBXGroup;
			children = (
				72F260242454F731001D19F3 /* MyFramework.h */,
				72F260252454F731001D19F3 /* Info.plist */,
				72F2603C2454F753001D19F3 /* MyFrameworkClass.swift */,
			);
			path = MyFramework;
			sourceTree = "<group>";
		};
		72F2602E2454F732001D19F3 /* MyFrameworkTests */ = {
			isa = PBXGroup;
			children = (
				72F2602F2454F732001D19F3 /* MyFrameworkTests.swift */,
				72F260312454F732001D19F3 /* Info.plist */,
			);
			path = MyFrameworkTests;
			sourceTree = "<group>";
		};
/* End PBXGroup section */

/* Begin PBXHeadersBuildPhase section */
		72F2601C2454F731001D19F3 /* Headers */ = {
			isa = PBXHeadersBuildPhase;
			buildActionMask = 2147483647;
			files = (
				72F260322454F732001D19F3 /* MyFramework.h in Headers */,
			);
			runOnlyForDeploymentPostprocessing = 0;
		};
/* End PBXHeadersBuildPhase section */

/* Begin PBXNativeTarget section */
		72F260202454F731001D19F3 /* MyFramework */ = {
			isa = PBXNativeTarget;
			buildConfigurationList = 72F260352454F732001D19F3 /* Build configuration list for PBXNativeTarget "MyFramework" */;
			buildPhases = (
				72F2601C2454F731001D19F3 /* Headers */,
				72F2601D2454F731001D19F3 /* Sources */,
				72F2601E2454F731001D19F3 /* Frameworks */,
				72F2601F2454F731001D19F3 /* Resources */,
			);
			buildRules = (
			);
			dependencies = (
			);
			name = MyFramework;
			productName = MyFramework;
			productReference = 72F260212454F731001D19F3 /* MyFramework.framework */;
			productType = "com.apple.product-type.framework";
		};
		72F260292454F732001D19F3 /* MyFrameworkTests */ = {
			isa = PBXNativeTarget;
			buildConfigurationList = 72F260382454F732001D19F3 /* Build configuration list for PBXNativeTarget "MyFrameworkTests" */;
			buildPhases = (
				72F260262454F732001D19F3 /* Sources */,
				72F260272454F732001D19F3 /* Frameworks */,
				72F260282454F732001D19F3 /* Resources */,
			);
			buildRules = (
			);
			dependencies = (
				72F2602D2454F732001D19F3 /* PBXTargetDependency */,
			);
			name = MyFrameworkTests;
			productName = MyFrameworkTests;
			productReference = 72F2602A2454F732001D19F3 /* MyFrameworkTests.xctest */;
			productType = "com.apple.product-type.bundle.unit-test";
		};
/* End PBXNativeTarget section */

/* Begin PBXProject section */
		72F260182454F731001D19F3 /* Project object */ = {
			isa = PBXProject;
			attributes = {
				LastSwiftUpdateCheck = 1140;
				LastUpgradeCheck = 1140;
				ORGANIZATIONNAME = MyOrganization;
				TargetAttributes = {
					7257BD242455160500115AE9 = {
						CreatedOnToolsVersion = 11.4;
					};
					72F260202454F731001D19F3 = {
						CreatedOnToolsVersion = 11.4;
						LastSwiftMigration = 1140;
					};
					72F260292454F732001D19F3 = {
						CreatedOnToolsVersion = 11.4;
					};
				};
			};
			buildConfigurationList = 72F2601B2454F731001D19F3 /* Build configuration list for PBXProject "MyFramework" */;
			compatibilityVersion = "Xcode 9.3";
			developmentRegion = en;
			hasScannedForEncodings = 0;
			knownRegions = (
				en,
				Base,
			);
			mainGroup = 72F260172454F731001D19F3;
			productRefGroup = 72F260222454F731001D19F3 /* Products */;
			projectDirPath = "";
			projectRoot = "";
			targets = (
				72F260202454F731001D19F3 /* MyFramework */,
				72F260292454F732001D19F3 /* MyFrameworkTests */,
				7257BD242455160500115AE9 /* MyFrameworkAgregate */,
			);
		};
/* End PBXProject section */

/* Begin PBXResourcesBuildPhase section */
		72F2601F2454F731001D19F3 /* Resources */ = {
			isa = PBXResourcesBuildPhase;
			buildActionMask = 2147483647;
			files = (
			);
			runOnlyForDeploymentPostprocessing = 0;
		};
		72F260282454F732001D19F3 /* Resources */ = {
			isa = PBXResourcesBuildPhase;
			buildActionMask = 2147483647;
			files = (
			);
			runOnlyForDeploymentPostprocessing = 0;
		};
/* End PBXResourcesBuildPhase section */

/* Begin PBXShellScriptBuildPhase section */
		7257BD282455160E00115AE9 /* ShellScript */ = {
			isa = PBXShellScriptBuildPhase;
			buildActionMask = 2147483647;
			files = (
			);
			inputFileListPaths = (
			);
			inputPaths = (
			);
			outputFileListPaths = (
			);
			outputPaths = (
			);
			runOnlyForDeploymentPostprocessing = 0;
			shellPath = /bin/sh;
			shellScript = "FRAMEWORK_NAME=\"MyFramework\"\n\n####################### Build framework for simulators #############################\nTMP_BUILD_DIR=${FRAMEWORK_NAME}_build\nmkdir ${TMP_BUILD_DIR}\n\nxcodebuild clean build -project ${FRAMEWORK_NAME}.xcodeproj -scheme ${FRAMEWORK_NAME} -configuration ${CONFIGURATION} -sdk iphonesimulator -derivedDataPath derived_data\n\n# create folder to store compiled framework for simulator\nmkdir ${TMP_BUILD_DIR}/simulator\n# copy compiled framework for simulator into our build folder\ncp -r derived_data/Build/Products/${CONFIGURATION}-iphonesimulator/${FRAMEWORK_NAME}.framework ${TMP_BUILD_DIR}/simulator\n\n####################### Build framework for devices #############################\n\nxcodebuild clean build -project ${FRAMEWORK_NAME}.xcodeproj -scheme ${FRAMEWORK_NAME} -configuration ${CONFIGURATION} -sdk iphoneos -derivedDataPath derived_data\n\n# create folder to store compiled framework for simulator\nmkdir ${TMP_BUILD_DIR}/devices\n# copy compiled framework for simulator into our build folder\ncp -r derived_data/Build/Products/${CONFIGURATION}-iphoneos/${FRAMEWORK_NAME}.framework ${TMP_BUILD_DIR}/devices\n\n# Copy each headers to temporary space\nmkdir -p \"${TMP_BUILD_DIR}/tmp/Headers/simulator\"\nmkdir -p \"${TMP_BUILD_DIR}/tmp/Headers/device\"\ncp -R \"${TMP_BUILD_DIR}/simulator/${FRAMEWORK_NAME}.framework/Headers/${FRAMEWORK_NAME}-Swift.h\" \"${TMP_BUILD_DIR}/tmp/Headers/simulator/${FRAMEWORK_NAME}-Swift.h\"\ncp -r \"${TMP_BUILD_DIR}/devices/${FRAMEWORK_NAME}.framework/Headers/${FRAMEWORK_NAME}-Swift.h\" \"${TMP_BUILD_DIR}/tmp/Headers/device/${FRAMEWORK_NAME}-Swift.h\"\n# Merge\ntouch \"${TMP_BUILD_DIR}/tmp/${FRAMEWORK_NAME}-Swift.h\"\necho \"#if TARGET_OS_SIMULATOR\" >> \"${TMP_BUILD_DIR}/tmp/${FRAMEWORK_NAME}-Swift.h\"\ncat \"${TMP_BUILD_DIR}/tmp/Headers/simulator/${FRAMEWORK_NAME}-Swift.h\" >> \"${TMP_BUILD_DIR}/tmp/${FRAMEWORK_NAME}-Swift.h\"\necho \"#else\" >> \"${TMP_BUILD_DIR}/tmp/${FRAMEWORK_NAME}-Swift.h\"\ncat \"${TMP_BUILD_DIR}/tmp/Headers/device/${FRAMEWORK_NAME}-Swift.h\" >> \"${TMP_BUILD_DIR}/tmp/${FRAMEWORK_NAME}-Swift.h\"\necho \"#endif\" >> \"${TMP_BUILD_DIR}/tmp/${FRAMEWORK_NAME}-Swift.h\"\n\n####################### Create universal framework #############################\n\n# create folder to store compiled universal framework\nmkdir ${TMP_BUILD_DIR}/universal\n\n# copy device framework into universal folder\ncp -r ${TMP_BUILD_DIR}/devices/${FRAMEWORK_NAME}.framework ${TMP_BUILD_DIR}/universal/\n# create framework binary compatible with simulators and devices, and replace binary in unviersal framework\nlipo -create \\\n  ${TMP_BUILD_DIR}/simulator/${FRAMEWORK_NAME}.framework/${FRAMEWORK_NAME} \\\n  ${TMP_BUILD_DIR}/devices/${FRAMEWORK_NAME}.framework/${FRAMEWORK_NAME} \\\n  -output ${TMP_BUILD_DIR}/universal/${FRAMEWORK_NAME}.framework/${FRAMEWORK_NAME}\n\n# This is Apple lipo bug\ncp -R \"${TMP_BUILD_DIR}/tmp/${FRAMEWORK_NAME}-Swift.h\" \"${TMP_BUILD_DIR}/universal/${FRAMEWORK_NAME}.framework/Headers/${FRAMEWORK_NAME}-Swift.h\"\n\n# copy simulator Swift public interface to universal framework\ncp ${TMP_BUILD_DIR}/simulator/${FRAMEWORK_NAME}.framework/Modules/${FRAMEWORK_NAME}.swiftmodule/* ${TMP_BUILD_DIR}/universal/${FRAMEWORK_NAME}.framework/Modules/${FRAMEWORK_NAME}.swiftmodule\n\ncp -r ${TMP_BUILD_DIR}/universal/${FRAMEWORK_NAME}.framework ./\n\n# Delete build folders \nrm -r ${TMP_BUILD_DIR}\nrm -r derived_data\n";
		};
/* End PBXShellScriptBuildPhase section */

/* Begin PBXSourcesBuildPhase section */
		72F2601D2454F731001D19F3 /* Sources */ = {
			isa = PBXSourcesBuildPhase;
			buildActionMask = 2147483647;
			files = (
				72F2603D2454F753001D19F3 /* MyFrameworkClass.swift in Sources */,
			);
			runOnlyForDeploymentPostprocessing = 0;
		};
		72F260262454F732001D19F3 /* Sources */ = {
			isa = PBXSourcesBuildPhase;
			buildActionMask = 2147483647;
			files = (
				72F260302454F732001D19F3 /* MyFrameworkTests.swift in Sources */,
			);
			runOnlyForDeploymentPostprocessing = 0;
		};
/* End PBXSourcesBuildPhase section */

/* Begin PBXTargetDependency section */
		72F2602D2454F732001D19F3 /* PBXTargetDependency */ = {
			isa = PBXTargetDependency;
			target = 72F260202454F731001D19F3 /* MyFramework */;
			targetProxy = 72F2602C2454F732001D19F3 /* PBXContainerItemProxy */;
		};
/* End PBXTargetDependency section */

/* Begin XCBuildConfiguration section */
		7257BD262455160500115AE9 /* Debug */ = {
			isa = XCBuildConfiguration;
			buildSettings = {
				CODE_SIGN_STYLE = Automatic;
				PRODUCT_NAME = "$(TARGET_NAME)";
			};
			name = Debug;
		};
		7257BD272455160500115AE9 /* Release */ = {
			isa = XCBuildConfiguration;
			buildSettings = {
				CODE_SIGN_STYLE = Automatic;
				PRODUCT_NAME = "$(TARGET_NAME)";
			};
			name = Release;
		};
		72F260332454F732001D19F3 /* Debug */ = {
			isa = XCBuildConfiguration;
			buildSettings = {
				ALWAYS_SEARCH_USER_PATHS = NO;
				CLANG_ANALYZER_NONNULL = YES;
				CLANG_ANALYZER_NUMBER_OBJECT_CONVERSION = YES_AGGRESSIVE;
				CLANG_CXX_LANGUAGE_STANDARD = "gnu++14";
				CLANG_CXX_LIBRARY = "libc++";
				CLANG_ENABLE_MODULES = YES;
				CLANG_ENABLE_OBJC_ARC = YES;
				CLANG_ENABLE_OBJC_WEAK = YES;
				CLANG_WARN_BLOCK_CAPTURE_AUTORELEASING = YES;
				CLANG_WARN_BOOL_CONVERSION = YES;
				CLANG_WARN_COMMA = YES;
				CLANG_WARN_CONSTANT_CONVERSION = YES;
				CLANG_WARN_DEPRECATED_OBJC_IMPLEMENTATIONS = YES;
				CLANG_WARN_DIRECT_OBJC_ISA_USAGE = YES_ERROR;
				CLANG_WARN_DOCUMENTATION_COMMENTS = YES;
				CLANG_WARN_EMPTY_BODY = YES;
				CLANG_WARN_ENUM_CONVERSION = YES;
				CLANG_WARN_INFINITE_RECURSION = YES;
				CLANG_WARN_INT_CONVERSION = YES;
				CLANG_WARN_NON_LITERAL_NULL_CONVERSION = YES;
				CLANG_WARN_OBJC_IMPLICIT_RETAIN_SELF = YES;
				CLANG_WARN_OBJC_LITERAL_CONVERSION = YES;
				CLANG_WARN_OBJC_ROOT_CLASS = YES_ERROR;
				CLANG_WARN_RANGE_LOOP_ANALYSIS = YES;
				CLANG_WARN_STRICT_PROTOTYPES = YES;
				CLANG_WARN_SUSPICIOUS_MOVE = YES;
				CLANG_WARN_UNGUARDED_AVAILABILITY = YES_AGGRESSIVE;
				CLANG_WARN_UNREACHABLE_CODE = YES;
				CLANG_WARN__DUPLICATE_METHOD_MATCH = YES;
				COPY_PHASE_STRIP = NO;
				CURRENT_PROJECT_VERSION = 1;
				DEBUG_INFORMATION_FORMAT = dwarf;
				ENABLE_STRICT_OBJC_MSGSEND = YES;
				ENABLE_TESTABILITY = YES;
				GCC_C_LANGUAGE_STANDARD = gnu11;
				GCC_DYNAMIC_NO_PIC = NO;
				GCC_NO_COMMON_BLOCKS = YES;
				GCC_OPTIMIZATION_LEVEL = 0;
				GCC_PREPROCESSOR_DEFINITIONS = (
					"DEBUG=1",
					"$(inherited)",
				);
				GCC_WARN_64_TO_32_BIT_CONVERSION = YES;
				GCC_WARN_ABOUT_RETURN_TYPE = YES_ERROR;
				GCC_WARN_UNDECLARED_SELECTOR = YES;
				GCC_WARN_UNINITIALIZED_AUTOS = YES_AGGRESSIVE;
				GCC_WARN_UNUSED_FUNCTION = YES;
				GCC_WARN_UNUSED_VARIABLE = YES;
				IPHONEOS_DEPLOYMENT_TARGET = 13.4;
				MTL_ENABLE_DEBUG_INFO = INCLUDE_SOURCE;
				MTL_FAST_MATH = YES;
				ONLY_ACTIVE_ARCH = YES;
				SDKROOT = iphoneos;
				SWIFT_ACTIVE_COMPILATION_CONDITIONS = DEBUG;
				SWIFT_OPTIMIZATION_LEVEL = "-Onone";
				VERSIONING_SYSTEM = "apple-generic";
				VERSION_INFO_PREFIX = "";
			};
			name = Debug;
		};
		72F260342454F732001D19F3 /* Release */ = {
			isa = XCBuildConfiguration;
			buildSettings = {
				ALWAYS_SEARCH_USER_PATHS = NO;
				CLANG_ANALYZER_NONNULL = YES;
				CLANG_ANALYZER_NUMBER_OBJECT_CONVERSION = YES_AGGRESSIVE;
				CLANG_CXX_LANGUAGE_STANDARD = "gnu++14";
				CLANG_CXX_LIBRARY = "libc++";
				CLANG_ENABLE_MODULES = YES;
				CLANG_ENABLE_OBJC_ARC = YES;
				CLANG_ENABLE_OBJC_WEAK = YES;
				CLANG_WARN_BLOCK_CAPTURE_AUTORELEASING = YES;
				CLANG_WARN_BOOL_CONVERSION = YES;
				CLANG_WARN_COMMA = YES;
				CLANG_WARN_CONSTANT_CONVERSION = YES;
				CLANG_WARN_DEPRECATED_OBJC_IMPLEMENTATIONS = YES;
				CLANG_WARN_DIRECT_OBJC_ISA_USAGE = YES_ERROR;
				CLANG_WARN_DOCUMENTATION_COMMENTS = YES;
				CLANG_WARN_EMPTY_BODY = YES;
				CLANG_WARN_ENUM_CONVERSION = YES;
				CLANG_WARN_INFINITE_RECURSION = YES;
				CLANG_WARN_INT_CONVERSION = YES;
				CLANG_WARN_NON_LITERAL_NULL_CONVERSION = YES;
				CLANG_WARN_OBJC_IMPLICIT_RETAIN_SELF = YES;
				CLANG_WARN_OBJC_LITERAL_CONVERSION = YES;
				CLANG_WARN_OBJC_ROOT_CLASS = YES_ERROR;
				CLANG_WARN_RANGE_LOOP_ANALYSIS = YES;
				CLANG_WARN_STRICT_PROTOTYPES = YES;
				CLANG_WARN_SUSPICIOUS_MOVE = YES;
				CLANG_WARN_UNGUARDED_AVAILABILITY = YES_AGGRESSIVE;
				CLANG_WARN_UNREACHABLE_CODE = YES;
				CLANG_WARN__DUPLICATE_METHOD_MATCH = YES;
				COPY_PHASE_STRIP = NO;
				CURRENT_PROJECT_VERSION = 1;
				DEBUG_INFORMATION_FORMAT = "dwarf-with-dsym";
				ENABLE_NS_ASSERTIONS = NO;
				ENABLE_STRICT_OBJC_MSGSEND = YES;
				GCC_C_LANGUAGE_STANDARD = gnu11;
				GCC_NO_COMMON_BLOCKS = YES;
				GCC_WARN_64_TO_32_BIT_CONVERSION = YES;
				GCC_WARN_ABOUT_RETURN_TYPE = YES_ERROR;
				GCC_WARN_UNDECLARED_SELECTOR = YES;
				GCC_WARN_UNINITIALIZED_AUTOS = YES_AGGRESSIVE;
				GCC_WARN_UNUSED_FUNCTION = YES;
				GCC_WARN_UNUSED_VARIABLE = YES;
				IPHONEOS_DEPLOYMENT_TARGET = 13.4;
				MTL_ENABLE_DEBUG_INFO = NO;
				MTL_FAST_MATH = YES;
				SDKROOT = iphoneos;
				SWIFT_COMPILATION_MODE = wholemodule;
				SWIFT_OPTIMIZATION_LEVEL = "-O";
				VALIDATE_PRODUCT = YES;
				VERSIONING_SYSTEM = "apple-generic";
				VERSION_INFO_PREFIX = "";
			};
			name = Release;
		};
		72F260362454F732001D19F3 /* Debug */ = {
			isa = XCBuildConfiguration;
			buildSettings = {
				CLANG_ENABLE_MODULES = YES;
				CODE_SIGN_STYLE = Automatic;
				DEFINES_MODULE = YES;
				DYLIB_COMPATIBILITY_VERSION = 1;
				DYLIB_CURRENT_VERSION = 1;
				DYLIB_INSTALL_NAME_BASE = "@rpath";
				INFOPLIST_FILE = MyFramework/Info.plist;
				INSTALL_PATH = "$(LOCAL_LIBRARY_DIR)/Frameworks";
				LD_RUNPATH_SEARCH_PATHS = (
					"$(inherited)",
					"@executable_path/Frameworks",
					"@loader_path/Frameworks",
				);
				PRODUCT_BUNDLE_IDENTIFIER = com.myorganization.MyFramework;
				PRODUCT_NAME = "$(TARGET_NAME:c99extidentifier)";
				SKIP_INSTALL = YES;
				SWIFT_OPTIMIZATION_LEVEL = "-Onone";
				SWIFT_VERSION = 5.0;
				TARGETED_DEVICE_FAMILY = "1,2";
			};
			name = Debug;
		};
		72F260372454F732001D19F3 /* Release */ = {
			isa = XCBuildConfiguration;
			buildSettings = {
				CLANG_ENABLE_MODULES = YES;
				CODE_SIGN_STYLE = Automatic;
				DEFINES_MODULE = YES;
				DYLIB_COMPATIBILITY_VERSION = 1;
				DYLIB_CURRENT_VERSION = 1;
				DYLIB_INSTALL_NAME_BASE = "@rpath";
				INFOPLIST_FILE = MyFramework/Info.plist;
				INSTALL_PATH = "$(LOCAL_LIBRARY_DIR)/Frameworks";
				LD_RUNPATH_SEARCH_PATHS = (
					"$(inherited)",
					"@executable_path/Frameworks",
					"@loader_path/Frameworks",
				);
				PRODUCT_BUNDLE_IDENTIFIER = com.myorganization.MyFramework;
				PRODUCT_NAME = "$(TARGET_NAME:c99extidentifier)";
				SKIP_INSTALL = YES;
				SWIFT_VERSION = 5.0;
				TARGETED_DEVICE_FAMILY = "1,2";
			};
			name = Release;
		};
		72F260392454F732001D19F3 /* Debug */ = {
			isa = XCBuildConfiguration;
			buildSettings = {
				ALWAYS_EMBED_SWIFT_STANDARD_LIBRARIES = YES;
				CODE_SIGN_STYLE = Automatic;
				INFOPLIST_FILE = MyFrameworkTests/Info.plist;
				LD_RUNPATH_SEARCH_PATHS = (
					"$(inherited)",
					"@executable_path/Frameworks",
					"@loader_path/Frameworks",
				);
				PRODUCT_BUNDLE_IDENTIFIER = com.myorganization.MyFrameworkTests;
				PRODUCT_NAME = "$(TARGET_NAME)";
				SWIFT_VERSION = 5.0;
				TARGETED_DEVICE_FAMILY = "1,2";
			};
			name = Debug;
		};
		72F2603A2454F732001D19F3 /* Release */ = {
			isa = XCBuildConfiguration;
			buildSettings = {
				ALWAYS_EMBED_SWIFT_STANDARD_LIBRARIES = YES;
				CODE_SIGN_STYLE = Automatic;
				INFOPLIST_FILE = MyFrameworkTests/Info.plist;
				LD_RUNPATH_SEARCH_PATHS = (
					"$(inherited)",
					"@executable_path/Frameworks",
					"@loader_path/Frameworks",
				);
				PRODUCT_BUNDLE_IDENTIFIER = com.myorganization.MyFrameworkTests;
				PRODUCT_NAME = "$(TARGET_NAME)";
				SWIFT_VERSION = 5.0;
				TARGETED_DEVICE_FAMILY = "1,2";
			};
			name = Release;
		};
/* End XCBuildConfiguration section */

/* Begin XCConfigurationList section */
		7257BD252455160500115AE9 /* Build configuration list for PBXAggregateTarget "MyFrameworkAgregate" */ = {
			isa = XCConfigurationList;
			buildConfigurations = (
				7257BD262455160500115AE9 /* Debug */,
				7257BD272455160500115AE9 /* Release */,
			);
			defaultConfigurationIsVisible = 0;
			defaultConfigurationName = Release;
		};
		72F2601B2454F731001D19F3 /* Build configuration list for PBXProject "MyFramework" */ = {
			isa = XCConfigurationList;
			buildConfigurations = (
				72F260332454F732001D19F3 /* Debug */,
				72F260342454F732001D19F3 /* Release */,
			);
			defaultConfigurationIsVisible = 0;
			defaultConfigurationName = Release;
		};
		72F260352454F732001D19F3 /* Build configuration list for PBXNativeTarget "MyFramework" */ = {
			isa = XCConfigurationList;
			buildConfigurations = (
				72F260362454F732001D19F3 /* Debug */,
				72F260372454F732001D19F3 /* Release */,
			);
			defaultConfigurationIsVisible = 0;
			defaultConfigurationName = Release;
		};
		72F260382454F732001D19F3 /* Build configuration list for PBXNativeTarget "MyFrameworkTests" */ = {
			isa = XCConfigurationList;
			buildConfigurations = (
				72F260392454F732001D19F3 /* Debug */,
				72F2603A2454F732001D19F3 /* Release */,
			);
			defaultConfigurationIsVisible = 0;
			defaultConfigurationName = Release;
		};
/* End XCConfigurationList section */
	};
	rootObject = 72F260182454F731001D19F3 /* Project object */;
}
